// !$*UTF8*$!
{
	archiveVersion = 1;
	classes = {
	};
	objectVersion = 46;
	objects = {

/* Begin PBXBuildFile section */
		7B1D63AC1EA2B78C00AA7772 /* AppDelegate.swift in Sources */ = {isa = PBXBuildFile; fileRef = 7B1D63AB1EA2B78C00AA7772 /* AppDelegate.swift */; };
		7B1D63AE1EA2B78C00AA7772 /* ViewController.swift in Sources */ = {isa = PBXBuildFile; fileRef = 7B1D63AD1EA2B78C00AA7772 /* ViewController.swift */; };
		7B1D63B11EA2B78C00AA7772 /* Main.storyboard in Resources */ = {isa = PBXBuildFile; fileRef = 7B1D63AF1EA2B78C00AA7772 /* Main.storyboard */; };
		7B1D63B31EA2B78C00AA7772 /* Assets.xcassets in Resources */ = {isa = PBXBuildFile; fileRef = 7B1D63B21EA2B78C00AA7772 /* Assets.xcassets */; };
		7B1D63B61EA2B78C00AA7772 /* LaunchScreen.storyboard in Resources */ = {isa = PBXBuildFile; fileRef = 7B1D63B41EA2B78C00AA7772 /* LaunchScreen.storyboard */; };
/* End PBXBuildFile section */

/* Begin PBXFileReference section */
		7B1D63A81EA2B78C00AA7772 /* BatteryMonitor.app */ = {isa = PBXFileReference; explicitFileType = wrapper.application; includeInIndex = 0; path = BatteryMonitor.app; sourceTree = BUILT_PRODUCTS_DIR; };
		7B1D63AB1EA2B78C00AA7772 /* AppDelegate.swift */ = {isa = PBXFileReference; lastKnownFileType = sourcecode.swift; name = AppDelegate.swift; path = BatteryMonitor/AppDelegate.swift; sourceTree = "<group>"; };
		7B1D63AD1EA2B78C00AA7772 /* ViewController.swift */ = {isa = PBXFileReference; lastKnownFileType = sourcecode.swift; path = ViewController.swift; sourceTree = "<group>"; };
		7B1D63B01EA2B78C00AA7772 /* Base */ = {isa = PBXFileReference; lastKnownFileType = file.storyboard; name = Base; path = Base.lproj/Main.storyboard; sourceTree = "<group>"; };
		7B1D63B21EA2B78C00AA7772 /* Assets.xcassets */ = {isa = PBXFileReference; lastKnownFileType = folder.assetcatalog; name = Assets.xcassets; path = BatteryMonitor/Assets.xcassets; sourceTree = "<group>"; };
		7B1D63B51EA2B78C00AA7772 /* Base */ = {isa = PBXFileReference; lastKnownFileType = file.storyboard; name = Base; path = Base.lproj/LaunchScreen.storyboard; sourceTree = "<group>"; };
		7B1D63B71EA2B78C00AA7772 /* Info.plist */ = {isa = PBXFileReference; lastKnownFileType = text.plist.xml; name = Info.plist; path = BatteryMonitor/Info.plist; sourceTree = "<group>"; };
/* End PBXFileReference section */

/* Begin PBXFrameworksBuildPhase section */
		7B1D63A51EA2B78C00AA7772 /* Frameworks */ = {
			isa = PBXFrameworksBuildPhase;
			buildActionMask = 2147483647;
			files = (
			);
			runOnlyForDeploymentPostprocessing = 0;
		};
/* End PBXFrameworksBuildPhase section */

/* Begin PBXGroup section */
		7B1D639F1EA2B78C00AA7772 = {
			isa = PBXGroup;
			children = (
				7B1D63AA1EA2B78C00AA7772 /* BatteryMonitor */,
				7B1D63A91EA2B78C00AA7772 /* Products */,
			);
			sourceTree = "<group>";
		};
		7B1D63A91EA2B78C00AA7772 /* Products */ = {
			isa = PBXGroup;
			children = (
				7B1D63A81EA2B78C00AA7772 /* BatteryMonitor.app */,
			);
			name = Products;
			sourceTree = "<group>";
		};
		7B1D63AA1EA2B78C00AA7772 /* BatteryMonitor */ = {
			isa = PBXGroup;
			children = (
				7B1D63AD1EA2B78C00AA7772 /* ViewController.swift */,
				7B1D63AF1EA2B78C00AA7772 /* Main.storyboard */,
				7B1D63BD1EA2B7B300AA7772 /* SupportingFiles */,
			);
			path = BatteryMonitor;
			sourceTree = "<group>";
		};
		7B1D63BD1EA2B7B300AA7772 /* SupportingFiles */ = {
			isa = PBXGroup;
			children = (
				7B1D63AB1EA2B78C00AA7772 /* AppDelegate.swift */,
				7B1D63B21EA2B78C00AA7772 /* Assets.xcassets */,
				7B1D63B41EA2B78C00AA7772 /* LaunchScreen.storyboard */,
				7B1D63B71EA2B78C00AA7772 /* Info.plist */,
			);
			name = SupportingFiles;
			path = ..;
			sourceTree = "<group>";
		};
/* End PBXGroup section */

/* Begin PBXNativeTarget section */
		7B1D63A71EA2B78C00AA7772 /* BatteryMonitor */ = {
			isa = PBXNativeTarget;
			buildConfigurationList = 7B1D63BA1EA2B78C00AA7772 /* Build configuration list for PBXNativeTarget "BatteryMonitor" */;
			buildPhases = (
				7B1D63A41EA2B78C00AA7772 /* Sources */,
				7B1D63A51EA2B78C00AA7772 /* Frameworks */,
				7B1D63A61EA2B78C00AA7772 /* Resources */,
			);
			buildRules = (
			);
			dependencies = (
			);
			name = BatteryMonitor;
			productName = BatteryMonitor;
			productReference = 7B1D63A81EA2B78C00AA7772 /* BatteryMonitor.app */;
			productType = "com.apple.product-type.application";
		};
/* End PBXNativeTarget section */

/* Begin PBXProject section */
		7B1D63A01EA2B78C00AA7772 /* Project object */ = {
			isa = PBXProject;
			attributes = {
				LastSwiftUpdateCheck = 0830;
				LastUpgradeCheck = 0830;
				ORGANIZATIONNAME = "Carlos Pereira";
				TargetAttributes = {
					7B1D63A71EA2B78C00AA7772 = {
						CreatedOnToolsVersion = 8.3.1;
						DevelopmentTeam = 9H8N5VG4E8;
						ProvisioningStyle = Automatic;
					};
				};
			};
			buildConfigurationList = 7B1D63A31EA2B78C00AA7772 /* Build configuration list for PBXProject "BatteryMonitor" */;
			compatibilityVersion = "Xcode 3.2";
			developmentRegion = English;
			hasScannedForEncodings = 0;
			knownRegions = (
				en,
				Base,
			);
			mainGroup = 7B1D639F1EA2B78C00AA7772;
			productRefGroup = 7B1D63A91EA2B78C00AA7772 /* Products */;
			projectDirPath = "";
			projectRoot = "";
			targets = (
				7B1D63A71EA2B78C00AA7772 /* BatteryMonitor */,
			);
		};
/* End PBXProject section */

/* Begin PBXResourcesBuildPhase section */
		7B1D63A61EA2B78C00AA7772 /* Resources */ = {
			isa = PBXResourcesBuildPhase;
			buildActionMask = 2147483647;
			files = (
				7B1D63B61EA2B78C00AA7772 /* LaunchScreen.storyboard in Resources */,
				7B1D63B31EA2B78C00AA7772 /* Assets.xcassets in Resources */,
				7B1D63B11EA2B78C00AA7772 /* Main.storyboard in Resources */,
			);
			runOnlyForDeploymentPostprocessing = 0;
		};
/* End PBXResourcesBuildPhase section */

/* Begin PBXSourcesBuildPhase section */
		7B1D63A41EA2B78C00AA7772 /* Sources */ = {
			isa = PBXSourcesBuildPhase;
			buildActionMask = 2147483647;
			files = (
				7B1D63AE1EA2B78C00AA7772 /* ViewController.swift in Sources */,
				7B1D63AC1EA2B78C00AA7772 /* AppDelegate.swift in Sources */,
			);
			runOnlyForDeploymentPostprocessing = 0;
		};
/* End PBXSourcesBuildPhase section */

/* Begin PBXVariantGroup section */
		7B1D63AF1EA2B78C00AA7772 /* Main.storyboard */ = {
			isa = PBXVariantGroup;
			children = (
				7B1D63B01EA2B78C00AA7772 /* Base */,
			);
			name = Main.storyboard;
			sourceTree = "<group>";
		};
		7B1D63B41EA2B78C00AA7772 /* LaunchScreen.storyboard */ = {
			isa = PBXVariantGroup;
			children = (
				7B1D63B51EA2B78C00AA7772 /* Base */,
			);
			name = LaunchScreen.storyboard;
			path = BatteryMonitor;
			sourceTree = "<group>";
		};
/* End PBXVariantGroup section */

/* Begin XCBuildConfiguration section */
		7B1D63B81EA2B78C00AA7772 /* Debug */ = {
			isa = XCBuildConfiguration;
			buildSettings = {
				ALWAYS_SEARCH_USER_PATHS = NO;
				CLANG_ANALYZER_NONNULL = YES;
				CLANG_ANALYZER_NUMBER_OBJECT_CONVERSION = YES_AGGRESSIVE;
				CLANG_CXX_LANGUAGE_STANDARD = "gnu++0x";
				CLANG_CXX_LIBRARY = "libc++";
				CLANG_ENABLE_MODULES = YES;
				CLANG_ENABLE_OBJC_ARC = YES;
				CLANG_WARN_BOOL_CONVERSION = YES;
				CLANG_WARN_CONSTANT_CONVERSION = YES;
				CLANG_WARN_DIRECT_OBJC_ISA_USAGE = YES_ERROR;
				CLANG_WARN_DOCUMENTATION_COMMENTS = YES;
				CLANG_WARN_EMPTY_BODY = YES;
				CLANG_WARN_ENUM_CONVERSION = YES;
				CLANG_WARN_INFINITE_RECURSION = YES;
				CLANG_WARN_INT_CONVERSION = YES;
				CLANG_WARN_OBJC_ROOT_CLASS = YES_ERROR;
				CLANG_WARN_SUSPICIOUS_MOVE = YES;
				CLANG_WARN_UNREACHABLE_CODE = YES;
				CLANG_WARN__DUPLICATE_METHOD_MATCH = YES;
				"CODE_SIGN_IDENTITY[sdk=iphoneos*]" = "iPhone Developer";
				COPY_PHASE_STRIP = NO;
				DEBUG_INFORMATION_FORMAT = dwarf;
				ENABLE_STRICT_OBJC_MSGSEND = YES;
				ENABLE_TESTABILITY = YES;
				GCC_C_LANGUAGE_STANDARD = gnu99;
				GCC_DYNAMIC_NO_PIC = NO;
				GCC_NO_COMMON_BLOCKS = YES;
				GCC_OPTIMIZATION_LEVEL = 0;
				GCC_PREPROCESSOR_DEFINITIONS = (
					"DEBUG=1",
					"$(inherited)",
				);
				GCC_WARN_64_TO_32_BIT_CONVERSION = YES;
				GCC_WARN_ABOUT_RETURN_TYPE = YES_ERROR;
				GCC_WARN_UNDECLARED_SELECTOR = YES;
				GCC_WARN_UNINITIALIZED_AUTOS = YES_AGGRESSIVE;
				GCC_WARN_UNUSED_FUNCTION = YES;
				GCC_WARN_UNUSED_VARIABLE = YES;
				IPHONEOS_DEPLOYMENT_TARGET = 10.3;
				MTL_ENABLE_DEBUG_INFO = YES;
				ONLY_ACTIVE_ARCH = YES;
				SDKROOT = iphoneos;
				SWIFT_ACTIVE_COMPILATION_CONDITIONS = DEBUG;
				SWIFT_OPTIMIZATION_LEVEL = "-Onone";
				TARGETED_DEVICE_FAMILY = "1,2";
			};
			name = Debug;
		};
		7B1D63B91EA2B78C00AA7772 /* Release */ = {
			isa = XCBuildConfiguration;
			buildSettings = {
				ALWAYS_SEARCH_USER_PATHS = NO;
				CLANG_ANALYZER_NONNULL = YES;
				CLANG_ANALYZER_NUMBER_OBJECT_CONVERSION = YES_AGGRESSIVE;
				CLANG_CXX_LANGUAGE_STANDARD = "gnu++0x";
				CLANG_CXX_LIBRARY = "libc++";
				CLANG_ENABLE_MODULES = YES;
				CLANG_ENABLE_OBJC_ARC = YES;
				CLANG_WARN_BOOL_CONVERSION = YES;
				CLANG_WARN_CONSTANT_CONVERSION = YES;
				CLANG_WARN_DIRECT_OBJC_ISA_USAGE = YES_ERROR;
				CLANG_WARN_DOCUMENTATION_COMMENTS = YES;
				CLANG_WARN_EMPTY_BODY = YES;
				CLANG_WARN_ENUM_CONVERSION = YES;
				CLANG_WARN_INFINITE_RECURSION = YES;
				CLANG_WARN_INT_CONVERSION = YES;
				CLANG_WARN_OBJC_ROOT_CLASS = YES_ERROR;
				CLANG_WARN_SUSPICIOUS_MOVE = YES;
				CLANG_WARN_UNREACHABLE_CODE = YES;
				CLANG_WARN__DUPLICATE_METHOD_MATCH = YES;
				"CODE_SIGN_IDENTITY[sdk=iphoneos*]" = "iPhone Developer";
				COPY_PHASE_STRIP = NO;
				DEBUG_INFORMATION_FORMAT = "dwarf-with-dsym";
				ENABLE_NS_ASSERTIONS = NO;
				ENABLE_STRICT_OBJC_MSGSEND = YES;
				GCC_C_LANGUAGE_STANDARD = gnu99;
				GCC_NO_COMMON_BLOCKS = YES;
				GCC_WARN_64_TO_32_BIT_CONVERSION = YES;
				GCC_WARN_ABOUT_RETURN_TYPE = YES_ERROR;
				GCC_WARN_UNDECLARED_SELECTOR = YES;
				GCC_WARN_UNINITIALIZED_AUTOS = YES_AGGRESSIVE;
				GCC_WARN_UNUSED_FUNCTION = YES;
				GCC_WARN_UNUSED_VARIABLE = YES;
				IPHONEOS_DEPLOYMENT_TARGET = 10.3;
				MTL_ENABLE_DEBUG_INFO = NO;
				SDKROOT = iphoneos;
				SWIFT_OPTIMIZATION_LEVEL = "-Owholemodule";
				TARGETED_DEVICE_FAMILY = "1,2";
				VALIDATE_PRODUCT = YES;
			};
			name = Release;
		};
		7B1D63BB1EA2B78C00AA7772 /* Debug */ = {
			isa = XCBuildConfiguration;
			buildSettings = {
				ASSETCATALOG_COMPILER_APPICON_NAME = AppIcon;
				DEVELOPMENT_TEAM = 9H8N5VG4E8;
				INFOPLIST_FILE = BatteryMonitor/Info.plist;
				LD_RUNPATH_SEARCH_PATHS = "$(inherited) @executable_path/Frameworks";
				PRODUCT_BUNDLE_IDENTIFIER = CarlosPereira.BatteryMonitor;
				PRODUCT_NAME = "$(TARGET_NAME)";
				SWIFT_VERSION = 3.0;
			};
			name = Debug;
		};
		7B1D63BC1EA2B78C00AA7772 /* Release */ = {
			isa = XCBuildConfiguration;
			buildSettings = {
				ASSETCATALOG_COMPILER_APPICON_NAME = AppIcon;
				DEVELOPMENT_TEAM = 9H8N5VG4E8;
				INFOPLIST_FILE = BatteryMonitor/Info.plist;
				LD_RUNPATH_SEARCH_PATHS = "$(inherited) @executable_path/Frameworks";
				PRODUCT_BUNDLE_IDENTIFIER = CarlosPereira.BatteryMonitor;
				PRODUCT_NAME = "$(TARGET_NAME)";
				SWIFT_VERSION = 3.0;
			};
			name = Release;
		};
/* End XCBuildConfiguration section */

/* Begin XCConfigurationList section */
		7B1D63A31EA2B78C00AA7772 /* Build configuration list for PBXProject "BatteryMonitor" */ = {
			isa = XCConfigurationList;
			buildConfigurations = (
				7B1D63B81EA2B78C00AA7772 /* Debug */,
				7B1D63B91EA2B78C00AA7772 /* Release */,
			);
			defaultConfigurationIsVisible = 0;
			defaultConfigurationName = Release;
		};
		7B1D63BA1EA2B78C00AA7772 /* Build configuration list for PBXNativeTarget "BatteryMonitor" */ = {
			isa = XCConfigurationList;
			buildConfigurations = (
				7B1D63BB1EA2B78C00AA7772 /* Debug */,
				7B1D63BC1EA2B78C00AA7772 /* Release */,
			);
			defaultConfigurationIsVisible = 0;
		};
/* End XCConfigurationList section */
	};
	rootObject = 7B1D63A01EA2B78C00AA7772 /* Project object */;
}
